// !$*UTF8*$!
{
	archiveVersion = 1;
	classes = {
	};
	objectVersion = 55;
	objects = {

/* Begin PBXBuildFile section */
		E440E1DB271C98E300CAC3F9 /* WaveformsApp.swift in Sources */ = {isa = PBXBuildFile; fileRef = E440E1DA271C98E300CAC3F9 /* WaveformsApp.swift */; };
		E440E1DD271C98E300CAC3F9 /* ContentView.swift in Sources */ = {isa = PBXBuildFile; fileRef = E440E1DC271C98E300CAC3F9 /* ContentView.swift */; };
		E440E1DF271C98E700CAC3F9 /* Assets.xcassets in Resources */ = {isa = PBXBuildFile; fileRef = E440E1DE271C98E700CAC3F9 /* Assets.xcassets */; };
		E440E1E2271C98E700CAC3F9 /* Preview Assets.xcassets in Resources */ = {isa = PBXBuildFile; fileRef = E440E1E1271C98E700CAC3F9 /* Preview Assets.xcassets */; };
		E440E1EC271C98E700CAC3F9 /* WaveformsTests.swift in Sources */ = {isa = PBXBuildFile; fileRef = E440E1EB271C98E700CAC3F9 /* WaveformsTests.swift */; };
		E440E1F6271C98E700CAC3F9 /* WaveformsUITests.swift in Sources */ = {isa = PBXBuildFile; fileRef = E440E1F5271C98E700CAC3F9 /* WaveformsUITests.swift */; };
		E440E1F8271C98E700CAC3F9 /* WaveformsUITestsLaunchTests.swift in Sources */ = {isa = PBXBuildFile; fileRef = E440E1F7271C98E700CAC3F9 /* WaveformsUITestsLaunchTests.swift */; };
		E440E20C271C9DA100CAC3F9 /* LineGraph.swift in Sources */ = {isa = PBXBuildFile; fileRef = E440E205271C9DA000CAC3F9 /* LineGraph.swift */; };
		E440E22F271C9E6E00CAC3F9 /* BridgeTemplate.mm in Sources */ = {isa = PBXBuildFile; fileRef = E440E217271C9E6E00CAC3F9 /* BridgeTemplate.mm */; };
		E440E230271C9E6E00CAC3F9 /* TimeDomainMeasures.cpp in Sources */ = {isa = PBXBuildFile; fileRef = E440E218271C9E6E00CAC3F9 /* TimeDomainMeasures.cpp */; };
		E440E231271C9E6E00CAC3F9 /* HealthKitDataProvider.swift in Sources */ = {isa = PBXBuildFile; fileRef = E440E21B271C9E6E00CAC3F9 /* HealthKitDataProvider.swift */; };
		E440E232271C9E6E00CAC3F9 /* Fetch+HeartRateVariability.swift in Sources */ = {isa = PBXBuildFile; fileRef = E440E21C271C9E6E00CAC3F9 /* Fetch+HeartRateVariability.swift */; };
		E440E233271C9E6E00CAC3F9 /* Query+Distance.swift in Sources */ = {isa = PBXBuildFile; fileRef = E440E21D271C9E6E00CAC3F9 /* Query+Distance.swift */; };
		E440E235271C9E6E00CAC3F9 /* Query+HeartRate.swift in Sources */ = {isa = PBXBuildFile; fileRef = E440E21F271C9E6E00CAC3F9 /* Query+HeartRate.swift */; };
		E440E238271C9E6E00CAC3F9 /* DataProvider.swift in Sources */ = {isa = PBXBuildFile; fileRef = E440E222271C9E6E00CAC3F9 /* DataProvider.swift */; };
		E440E23B271C9E6E00CAC3F9 /* Query+HRV.swift in Sources */ = {isa = PBXBuildFile; fileRef = E440E225271C9E6E00CAC3F9 /* Query+HRV.swift */; };
		E440E23F271C9E6E00CAC3F9 /* Query+BodyMass.swift in Sources */ = {isa = PBXBuildFile; fileRef = E440E229271C9E6E00CAC3F9 /* Query+BodyMass.swift */; };
		E440E240271C9E6E00CAC3F9 /* DistanceHistogram.swift in Sources */ = {isa = PBXBuildFile; fileRef = E440E22B271C9E6E00CAC3F9 /* DistanceHistogram.swift */; };
		E440E241271C9E6E00CAC3F9 /* InterBeatIntervalSequence.swift in Sources */ = {isa = PBXBuildFile; fileRef = E440E22C271C9E6E00CAC3F9 /* InterBeatIntervalSequence.swift */; };
		E440E242271C9E6E00CAC3F9 /* HeartRateSampleSequence.swift in Sources */ = {isa = PBXBuildFile; fileRef = E440E22D271C9E6E00CAC3F9 /* HeartRateSampleSequence.swift */; };
		E440E243271C9E6E00CAC3F9 /* SegmentedIntervalsDataSet.swift in Sources */ = {isa = PBXBuildFile; fileRef = E440E22E271C9E6E00CAC3F9 /* SegmentedIntervalsDataSet.swift */; };
		E440E247271CA04F00CAC3F9 /* HealthKit.framework in Frameworks */ = {isa = PBXBuildFile; fileRef = E440E246271CA04F00CAC3F9 /* HealthKit.framework */; };
		E440E24C271CA32800CAC3F9 /* Stopwatch.swift in Sources */ = {isa = PBXBuildFile; fileRef = E440E24A271CA32700CAC3F9 /* Stopwatch.swift */; };
		E440E253271CB21A00CAC3F9 /* Query+ECG.swift in Sources */ = {isa = PBXBuildFile; fileRef = E440E252271CB21A00CAC3F9 /* Query+ECG.swift */; };
		E440E255271CB9E600CAC3F9 /* AlgorithmAdapter.swift in Sources */ = {isa = PBXBuildFile; fileRef = E440E254271CB9E600CAC3F9 /* AlgorithmAdapter.swift */; };
		E440E25B271FC78E00CAC3F9 /* CalculateDerivedMeasures.swift in Sources */ = {isa = PBXBuildFile; fileRef = E440E25A271FC78E00CAC3F9 /* CalculateDerivedMeasures.swift */; };
		E4870460272F3C5C00715054 /* LineView.swift in Sources */ = {isa = PBXBuildFile; fileRef = E487045F272F3C5C00715054 /* LineView.swift */; };
		E4AE5A50273F05CA00357BC4 /* IRepository.swift in Sources */ = {isa = PBXBuildFile; fileRef = E4AE5A4F273F05C900357BC4 /* IRepository.swift */; };
/* End PBXBuildFile section */

/* Begin PBXContainerItemProxy section */
		E440E1E8271C98E700CAC3F9 /* PBXContainerItemProxy */ = {
			isa = PBXContainerItemProxy;
			containerPortal = E440E1CF271C98E300CAC3F9 /* Project object */;
			proxyType = 1;
			remoteGlobalIDString = E440E1D6271C98E300CAC3F9;
			remoteInfo = Waveforms;
		};
		E440E1F2271C98E700CAC3F9 /* PBXContainerItemProxy */ = {
			isa = PBXContainerItemProxy;
			containerPortal = E440E1CF271C98E300CAC3F9 /* Project object */;
			proxyType = 1;
			remoteGlobalIDString = E440E1D6271C98E300CAC3F9;
			remoteInfo = Waveforms;
		};
/* End PBXContainerItemProxy section */

/* Begin PBXFileReference section */
		E440E1D7271C98E300CAC3F9 /* Waveformus.app */ = {isa = PBXFileReference; explicitFileType = wrapper.application; includeInIndex = 0; path = Waveformus.app; sourceTree = BUILT_PRODUCTS_DIR; };
		E440E1DA271C98E300CAC3F9 /* WaveformsApp.swift */ = {isa = PBXFileReference; lastKnownFileType = sourcecode.swift; path = WaveformsApp.swift; sourceTree = "<group>"; };
		E440E1DC271C98E300CAC3F9 /* ContentView.swift */ = {isa = PBXFileReference; lastKnownFileType = sourcecode.swift; path = ContentView.swift; sourceTree = "<group>"; };
		E440E1DE271C98E700CAC3F9 /* Assets.xcassets */ = {isa = PBXFileReference; lastKnownFileType = folder.assetcatalog; path = Assets.xcassets; sourceTree = "<group>"; };
		E440E1E1271C98E700CAC3F9 /* Preview Assets.xcassets */ = {isa = PBXFileReference; lastKnownFileType = folder.assetcatalog; path = "Preview Assets.xcassets"; sourceTree = "<group>"; };
		E440E1E7271C98E700CAC3F9 /* WaveformusTests.xctest */ = {isa = PBXFileReference; explicitFileType = wrapper.cfbundle; includeInIndex = 0; path = WaveformusTests.xctest; sourceTree = BUILT_PRODUCTS_DIR; };
		E440E1EB271C98E700CAC3F9 /* WaveformsTests.swift */ = {isa = PBXFileReference; lastKnownFileType = sourcecode.swift; path = WaveformsTests.swift; sourceTree = "<group>"; };
		E440E1F1271C98E700CAC3F9 /* WaveformusUITests.xctest */ = {isa = PBXFileReference; explicitFileType = wrapper.cfbundle; includeInIndex = 0; path = WaveformusUITests.xctest; sourceTree = BUILT_PRODUCTS_DIR; };
		E440E1F5271C98E700CAC3F9 /* WaveformsUITests.swift */ = {isa = PBXFileReference; lastKnownFileType = sourcecode.swift; path = WaveformsUITests.swift; sourceTree = "<group>"; };
		E440E1F7271C98E700CAC3F9 /* WaveformsUITestsLaunchTests.swift */ = {isa = PBXFileReference; lastKnownFileType = sourcecode.swift; path = WaveformsUITestsLaunchTests.swift; sourceTree = "<group>"; };
		E440E205271C9DA000CAC3F9 /* LineGraph.swift */ = {isa = PBXFileReference; fileEncoding = 4; lastKnownFileType = sourcecode.swift; path = LineGraph.swift; sourceTree = "<group>"; };
		E440E214271C9E6E00CAC3F9 /* Measurements.h */ = {isa = PBXFileReference; fileEncoding = 4; lastKnownFileType = sourcecode.c.h; path = Measurements.h; sourceTree = "<group>"; };
		E440E216271C9E6E00CAC3F9 /* BridgeTemplate.hpp */ = {isa = PBXFileReference; fileEncoding = 4; lastKnownFileType = sourcecode.cpp.h; path = BridgeTemplate.hpp; sourceTree = "<group>"; };
		E440E217271C9E6E00CAC3F9 /* BridgeTemplate.mm */ = {isa = PBXFileReference; fileEncoding = 4; lastKnownFileType = sourcecode.cpp.objcpp; path = BridgeTemplate.mm; sourceTree = "<group>"; };
		E440E218271C9E6E00CAC3F9 /* TimeDomainMeasures.cpp */ = {isa = PBXFileReference; fileEncoding = 4; lastKnownFileType = sourcecode.cpp.cpp; path = TimeDomainMeasures.cpp; sourceTree = "<group>"; };
		E440E219271C9E6E00CAC3F9 /* TimeDomainMeasures.h */ = {isa = PBXFileReference; fileEncoding = 4; lastKnownFileType = sourcecode.c.h; path = TimeDomainMeasures.h; sourceTree = "<group>"; };
		E440E21B271C9E6E00CAC3F9 /* HealthKitDataProvider.swift */ = {isa = PBXFileReference; fileEncoding = 4; lastKnownFileType = sourcecode.swift; path = HealthKitDataProvider.swift; sourceTree = "<group>"; };
		E440E21C271C9E6E00CAC3F9 /* Fetch+HeartRateVariability.swift */ = {isa = PBXFileReference; fileEncoding = 4; lastKnownFileType = sourcecode.swift; path = "Fetch+HeartRateVariability.swift"; sourceTree = "<group>"; };
		E440E21D271C9E6E00CAC3F9 /* Query+Distance.swift */ = {isa = PBXFileReference; fileEncoding = 4; lastKnownFileType = sourcecode.swift; path = "Query+Distance.swift"; sourceTree = "<group>"; };
		E440E21F271C9E6E00CAC3F9 /* Query+HeartRate.swift */ = {isa = PBXFileReference; fileEncoding = 4; lastKnownFileType = sourcecode.swift; path = "Query+HeartRate.swift"; sourceTree = "<group>"; };
		E440E222271C9E6E00CAC3F9 /* DataProvider.swift */ = {isa = PBXFileReference; fileEncoding = 4; lastKnownFileType = sourcecode.swift; path = DataProvider.swift; sourceTree = "<group>"; };
		E440E225271C9E6E00CAC3F9 /* Query+HRV.swift */ = {isa = PBXFileReference; fileEncoding = 4; lastKnownFileType = sourcecode.swift; path = "Query+HRV.swift"; sourceTree = "<group>"; };
		E440E229271C9E6E00CAC3F9 /* Query+BodyMass.swift */ = {isa = PBXFileReference; fileEncoding = 4; lastKnownFileType = sourcecode.swift; path = "Query+BodyMass.swift"; sourceTree = "<group>"; };
		E440E22B271C9E6E00CAC3F9 /* DistanceHistogram.swift */ = {isa = PBXFileReference; fileEncoding = 4; lastKnownFileType = sourcecode.swift; path = DistanceHistogram.swift; sourceTree = "<group>"; };
		E440E22C271C9E6E00CAC3F9 /* InterBeatIntervalSequence.swift */ = {isa = PBXFileReference; fileEncoding = 4; lastKnownFileType = sourcecode.swift; path = InterBeatIntervalSequence.swift; sourceTree = "<group>"; };
		E440E22D271C9E6E00CAC3F9 /* HeartRateSampleSequence.swift */ = {isa = PBXFileReference; fileEncoding = 4; lastKnownFileType = sourcecode.swift; path = HeartRateSampleSequence.swift; sourceTree = "<group>"; };
		E440E22E271C9E6E00CAC3F9 /* SegmentedIntervalsDataSet.swift */ = {isa = PBXFileReference; fileEncoding = 4; lastKnownFileType = sourcecode.swift; path = SegmentedIntervalsDataSet.swift; sourceTree = "<group>"; };
		E440E244271CA04F00CAC3F9 /* Waveforms.entitlements */ = {isa = PBXFileReference; lastKnownFileType = text.plist.entitlements; path = Waveforms.entitlements; sourceTree = "<group>"; };
		E440E246271CA04F00CAC3F9 /* HealthKit.framework */ = {isa = PBXFileReference; lastKnownFileType = wrapper.framework; name = HealthKit.framework; path = System/Library/Frameworks/HealthKit.framework; sourceTree = SDKROOT; };
		E440E24A271CA32700CAC3F9 /* Stopwatch.swift */ = {isa = PBXFileReference; fileEncoding = 4; lastKnownFileType = sourcecode.swift; path = Stopwatch.swift; sourceTree = "<group>"; };
		E440E252271CB21A00CAC3F9 /* Query+ECG.swift */ = {isa = PBXFileReference; lastKnownFileType = sourcecode.swift; path = "Query+ECG.swift"; sourceTree = "<group>"; };
		E440E254271CB9E600CAC3F9 /* AlgorithmAdapter.swift */ = {isa = PBXFileReference; lastKnownFileType = sourcecode.swift; path = AlgorithmAdapter.swift; sourceTree = "<group>"; };
		E440E25A271FC78E00CAC3F9 /* CalculateDerivedMeasures.swift */ = {isa = PBXFileReference; lastKnownFileType = sourcecode.swift; path = CalculateDerivedMeasures.swift; sourceTree = "<group>"; };
		E487045F272F3C5C00715054 /* LineView.swift */ = {isa = PBXFileReference; lastKnownFileType = sourcecode.swift; path = LineView.swift; sourceTree = "<group>"; };
		E4AE5A4F273F05C900357BC4 /* IRepository.swift */ = {isa = PBXFileReference; lastKnownFileType = sourcecode.swift; path = IRepository.swift; sourceTree = "<group>"; };
/* End PBXFileReference section */

/* Begin PBXFrameworksBuildPhase section */
		E440E1D4271C98E300CAC3F9 /* Frameworks */ = {
			isa = PBXFrameworksBuildPhase;
			buildActionMask = 2147483647;
			files = (
				E440E247271CA04F00CAC3F9 /* HealthKit.framework in Frameworks */,
			);
			runOnlyForDeploymentPostprocessing = 0;
		};
		E440E1E4271C98E700CAC3F9 /* Frameworks */ = {
			isa = PBXFrameworksBuildPhase;
			buildActionMask = 2147483647;
			files = (
			);
			runOnlyForDeploymentPostprocessing = 0;
		};
		E440E1EE271C98E700CAC3F9 /* Frameworks */ = {
			isa = PBXFrameworksBuildPhase;
			buildActionMask = 2147483647;
			files = (
			);
			runOnlyForDeploymentPostprocessing = 0;
		};
/* End PBXFrameworksBuildPhase section */

/* Begin PBXGroup section */
		E440E1CE271C98E300CAC3F9 = {
			isa = PBXGroup;
			children = (
				E440E1D9271C98E300CAC3F9 /* Waveforms */,
				E440E1EA271C98E700CAC3F9 /* WaveformsTests */,
				E440E1F4271C98E700CAC3F9 /* WaveformsUITests */,
				E440E1D8271C98E300CAC3F9 /* Products */,
				E440E245271CA04F00CAC3F9 /* Frameworks */,
			);
			sourceTree = "<group>";
		};
		E440E1D8271C98E300CAC3F9 /* Products */ = {
			isa = PBXGroup;
			children = (
				E440E1D7271C98E300CAC3F9 /* Waveformus.app */,
				E440E1E7271C98E700CAC3F9 /* WaveformusTests.xctest */,
				E440E1F1271C98E700CAC3F9 /* WaveformusUITests.xctest */,
			);
			name = Products;
			sourceTree = "<group>";
		};
		E440E1D9271C98E300CAC3F9 /* Waveforms */ = {
			isa = PBXGroup;
			children = (
				E440E244271CA04F00CAC3F9 /* Waveforms.entitlements */,
				E440E213271C9E6E00CAC3F9 /* Measurements */,
				E4EDBC822740B3C700ED56BB /* Presentation */,
				E440E1DA271C98E300CAC3F9 /* WaveformsApp.swift */,
				E440E1DE271C98E700CAC3F9 /* Assets.xcassets */,
				E440E1E0271C98E700CAC3F9 /* Preview Content */,
			);
			path = Waveforms;
			sourceTree = "<group>";
		};
		E440E1E0271C98E700CAC3F9 /* Preview Content */ = {
			isa = PBXGroup;
			children = (
				E440E1E1271C98E700CAC3F9 /* Preview Assets.xcassets */,
			);
			path = "Preview Content";
			sourceTree = "<group>";
		};
		E440E1EA271C98E700CAC3F9 /* WaveformsTests */ = {
			isa = PBXGroup;
			children = (
				E440E1EB271C98E700CAC3F9 /* WaveformsTests.swift */,
			);
			path = WaveformsTests;
			sourceTree = "<group>";
		};
		E440E1F4271C98E700CAC3F9 /* WaveformsUITests */ = {
			isa = PBXGroup;
			children = (
				E440E1F5271C98E700CAC3F9 /* WaveformsUITests.swift */,
				E440E1F7271C98E700CAC3F9 /* WaveformsUITestsLaunchTests.swift */,
			);
			path = WaveformsUITests;
			sourceTree = "<group>";
		};
		E440E204271C9DA000CAC3F9 /* Views */ = {
			isa = PBXGroup;
			children = (
				E440E205271C9DA000CAC3F9 /* LineGraph.swift */,
				E487045F272F3C5C00715054 /* LineView.swift */,
			);
			path = Views;
			sourceTree = "<group>";
		};
		E440E213271C9E6E00CAC3F9 /* Measurements */ = {
			isa = PBXGroup;
			children = (
				E440E214271C9E6E00CAC3F9 /* Measurements.h */,
				E440E215271C9E6E00CAC3F9 /* Algorithms */,
				E440E248271CA32700CAC3F9 /* Core */,
				E440E22A271C9E6E00CAC3F9 /* TypeSystem */,
				E440E21A271C9E6E00CAC3F9 /* DataSources */,
			);
			path = Measurements;
			sourceTree = "<group>";
		};
		E440E215271C9E6E00CAC3F9 /* Algorithms */ = {
			isa = PBXGroup;
			children = (
				E440E216271C9E6E00CAC3F9 /* BridgeTemplate.hpp */,
				E440E217271C9E6E00CAC3F9 /* BridgeTemplate.mm */,
				E440E218271C9E6E00CAC3F9 /* TimeDomainMeasures.cpp */,
				E440E219271C9E6E00CAC3F9 /* TimeDomainMeasures.h */,
				E440E254271CB9E600CAC3F9 /* AlgorithmAdapter.swift */,
			);
			path = Algorithms;
			sourceTree = "<group>";
		};
		E440E21A271C9E6E00CAC3F9 /* DataSources */ = {
			isa = PBXGroup;
			children = (
				E4AE5A4E273F05A100357BC4 /* Repositories */,
				E440E256271FC6E400CAC3F9 /* Services */,
				E440E21B271C9E6E00CAC3F9 /* HealthKitDataProvider.swift */,
			);
			path = DataSources;
			sourceTree = "<group>";
		};
		E440E22A271C9E6E00CAC3F9 /* TypeSystem */ = {
			isa = PBXGroup;
			children = (
				E440E22B271C9E6E00CAC3F9 /* DistanceHistogram.swift */,
				E440E22C271C9E6E00CAC3F9 /* InterBeatIntervalSequence.swift */,
				E440E22D271C9E6E00CAC3F9 /* HeartRateSampleSequence.swift */,
				E440E22E271C9E6E00CAC3F9 /* SegmentedIntervalsDataSet.swift */,
			);
			path = TypeSystem;
			sourceTree = "<group>";
		};
		E440E245271CA04F00CAC3F9 /* Frameworks */ = {
			isa = PBXGroup;
			children = (
				E440E246271CA04F00CAC3F9 /* HealthKit.framework */,
			);
			name = Frameworks;
			sourceTree = "<group>";
		};
		E440E248271CA32700CAC3F9 /* Core */ = {
			isa = PBXGroup;
			children = (
				E440E222271C9E6E00CAC3F9 /* DataProvider.swift */,
				E440E24A271CA32700CAC3F9 /* Stopwatch.swift */,
			);
			path = Core;
			sourceTree = "<group>";
		};
		E440E256271FC6E400CAC3F9 /* Services */ = {
			isa = PBXGroup;
			children = (
				E440E258271FC71700CAC3F9 /* Command */,
				E440E257271FC6F600CAC3F9 /* Query */,
			);
			path = Services;
			sourceTree = "<group>";
		};
		E440E257271FC6F600CAC3F9 /* Query */ = {
			isa = PBXGroup;
			children = (
				E440E21D271C9E6E00CAC3F9 /* Query+Distance.swift */,
				E440E229271C9E6E00CAC3F9 /* Query+BodyMass.swift */,
				E440E225271C9E6E00CAC3F9 /* Query+HRV.swift */,
				E440E252271CB21A00CAC3F9 /* Query+ECG.swift */,
				E440E21F271C9E6E00CAC3F9 /* Query+HeartRate.swift */,
				E440E21C271C9E6E00CAC3F9 /* Fetch+HeartRateVariability.swift */,
			);
			path = Query;
			sourceTree = "<group>";
		};
		E440E258271FC71700CAC3F9 /* Command */ = {
			isa = PBXGroup;
			children = (
				E440E25A271FC78E00CAC3F9 /* CalculateDerivedMeasures.swift */,
			);
			path = Command;
			sourceTree = "<group>";
		};
		E4AE5A4E273F05A100357BC4 /* Repositories */ = {
			isa = PBXGroup;
			children = (
				E4AE5A4F273F05C900357BC4 /* IRepository.swift */,
			);
			path = Repositories;
			sourceTree = "<group>";
		};
		E4EDBC822740B3C700ED56BB /* Presentation */ = {
			isa = PBXGroup;
			children = (
				E440E204271C9DA000CAC3F9 /* Views */,
				E440E1DC271C98E300CAC3F9 /* ContentView.swift */,
			);
			path = Presentation;
			sourceTree = "<group>";
		};
/* End PBXGroup section */

/* Begin PBXNativeTarget section */
		E440E1D6271C98E300CAC3F9 /* Waveformus */ = {
			isa = PBXNativeTarget;
			buildConfigurationList = E440E1FB271C98E700CAC3F9 /* Build configuration list for PBXNativeTarget "Waveformus" */;
			buildPhases = (
				E440E1D3271C98E300CAC3F9 /* Sources */,
				E440E1D4271C98E300CAC3F9 /* Frameworks */,
				E440E1D5271C98E300CAC3F9 /* Resources */,
			);
			buildRules = (
			);
			dependencies = (
			);
			name = Waveformus;
			productName = Waveforms;
			productReference = E440E1D7271C98E300CAC3F9 /* Waveformus.app */;
			productType = "com.apple.product-type.application";
		};
		E440E1E6271C98E700CAC3F9 /* WaveformusTests */ = {
			isa = PBXNativeTarget;
			buildConfigurationList = E440E1FE271C98E700CAC3F9 /* Build configuration list for PBXNativeTarget "WaveformusTests" */;
			buildPhases = (
				E440E1E3271C98E700CAC3F9 /* Sources */,
				E440E1E4271C98E700CAC3F9 /* Frameworks */,
				E440E1E5271C98E700CAC3F9 /* Resources */,
			);
			buildRules = (
			);
			dependencies = (
				E440E1E9271C98E700CAC3F9 /* PBXTargetDependency */,
			);
			name = WaveformusTests;
			productName = WaveformsTests;
			productReference = E440E1E7271C98E700CAC3F9 /* WaveformusTests.xctest */;
			productType = "com.apple.product-type.bundle.unit-test";
		};
		E440E1F0271C98E700CAC3F9 /* WaveformusUITests */ = {
			isa = PBXNativeTarget;
			buildConfigurationList = E440E201271C98E700CAC3F9 /* Build configuration list for PBXNativeTarget "WaveformusUITests" */;
			buildPhases = (
				E440E1ED271C98E700CAC3F9 /* Sources */,
				E440E1EE271C98E700CAC3F9 /* Frameworks */,
				E440E1EF271C98E700CAC3F9 /* Resources */,
			);
			buildRules = (
			);
			dependencies = (
				E440E1F3271C98E700CAC3F9 /* PBXTargetDependency */,
			);
			name = WaveformusUITests;
			productName = WaveformsUITests;
			productReference = E440E1F1271C98E700CAC3F9 /* WaveformusUITests.xctest */;
			productType = "com.apple.product-type.bundle.ui-testing";
		};
/* End PBXNativeTarget section */

/* Begin PBXProject section */
		E440E1CF271C98E300CAC3F9 /* Project object */ = {
			isa = PBXProject;
			attributes = {
				BuildIndependentTargetsInParallel = 1;
				LastSwiftUpdateCheck = 1300;
				LastUpgradeCheck = 1300;
				TargetAttributes = {
					E440E1D6271C98E300CAC3F9 = {
						CreatedOnToolsVersion = 13.0;
					};
					E440E1E6271C98E700CAC3F9 = {
						CreatedOnToolsVersion = 13.0;
						TestTargetID = E440E1D6271C98E300CAC3F9;
					};
					E440E1F0271C98E700CAC3F9 = {
						CreatedOnToolsVersion = 13.0;
						TestTargetID = E440E1D6271C98E300CAC3F9;
					};
				};
			};
			buildConfigurationList = E440E1D2271C98E300CAC3F9 /* Build configuration list for PBXProject "Waveformus" */;
			compatibilityVersion = "Xcode 13.0";
			developmentRegion = en;
			hasScannedForEncodings = 0;
			knownRegions = (
				en,
				Base,
			);
			mainGroup = E440E1CE271C98E300CAC3F9;
			productRefGroup = E440E1D8271C98E300CAC3F9 /* Products */;
			projectDirPath = "";
			projectRoot = "";
			targets = (
				E440E1D6271C98E300CAC3F9 /* Waveformus */,
				E440E1E6271C98E700CAC3F9 /* WaveformusTests */,
				E440E1F0271C98E700CAC3F9 /* WaveformusUITests */,
			);
		};
/* End PBXProject section */

/* Begin PBXResourcesBuildPhase section */
		E440E1D5271C98E300CAC3F9 /* Resources */ = {
			isa = PBXResourcesBuildPhase;
			buildActionMask = 2147483647;
			files = (
				E440E1E2271C98E700CAC3F9 /* Preview Assets.xcassets in Resources */,
				E440E1DF271C98E700CAC3F9 /* Assets.xcassets in Resources */,
			);
			runOnlyForDeploymentPostprocessing = 0;
		};
		E440E1E5271C98E700CAC3F9 /* Resources */ = {
			isa = PBXResourcesBuildPhase;
			buildActionMask = 2147483647;
			files = (
			);
			runOnlyForDeploymentPostprocessing = 0;
		};
		E440E1EF271C98E700CAC3F9 /* Resources */ = {
			isa = PBXResourcesBuildPhase;
			buildActionMask = 2147483647;
			files = (
			);
			runOnlyForDeploymentPostprocessing = 0;
		};
/* End PBXResourcesBuildPhase section */

/* Begin PBXSourcesBuildPhase section */
		E440E1D3271C98E300CAC3F9 /* Sources */ = {
			isa = PBXSourcesBuildPhase;
			buildActionMask = 2147483647;
			files = (
				E440E253271CB21A00CAC3F9 /* Query+ECG.swift in Sources */,
				E4870460272F3C5C00715054 /* LineView.swift in Sources */,
				E440E23F271C9E6E00CAC3F9 /* Query+BodyMass.swift in Sources */,
				E440E242271C9E6E00CAC3F9 /* HeartRateSampleSequence.swift in Sources */,
				E440E233271C9E6E00CAC3F9 /* Query+Distance.swift in Sources */,
				E4AE5A50273F05CA00357BC4 /* IRepository.swift in Sources */,
				E440E24C271CA32800CAC3F9 /* Stopwatch.swift in Sources */,
				E440E23B271C9E6E00CAC3F9 /* Query+HRV.swift in Sources */,
				E440E255271CB9E600CAC3F9 /* AlgorithmAdapter.swift in Sources */,
				E440E1DD271C98E300CAC3F9 /* ContentView.swift in Sources */,
				E440E231271C9E6E00CAC3F9 /* HealthKitDataProvider.swift in Sources */,
				E440E240271C9E6E00CAC3F9 /* DistanceHistogram.swift in Sources */,
				E440E20C271C9DA100CAC3F9 /* LineGraph.swift in Sources */,
				E440E230271C9E6E00CAC3F9 /* TimeDomainMeasures.cpp in Sources */,
				E440E232271C9E6E00CAC3F9 /* Fetch+HeartRateVariability.swift in Sources */,
				E440E241271C9E6E00CAC3F9 /* InterBeatIntervalSequence.swift in Sources */,
				E440E25B271FC78E00CAC3F9 /* CalculateDerivedMeasures.swift in Sources */,
				E440E235271C9E6E00CAC3F9 /* Query+HeartRate.swift in Sources */,
				E440E22F271C9E6E00CAC3F9 /* BridgeTemplate.mm in Sources */,
				E440E243271C9E6E00CAC3F9 /* SegmentedIntervalsDataSet.swift in Sources */,
				E440E1DB271C98E300CAC3F9 /* WaveformsApp.swift in Sources */,
				E440E238271C9E6E00CAC3F9 /* DataProvider.swift in Sources */,
			);
			runOnlyForDeploymentPostprocessing = 0;
		};
		E440E1E3271C98E700CAC3F9 /* Sources */ = {
			isa = PBXSourcesBuildPhase;
			buildActionMask = 2147483647;
			files = (
				E440E1EC271C98E700CAC3F9 /* WaveformsTests.swift in Sources */,
			);
			runOnlyForDeploymentPostprocessing = 0;
		};
		E440E1ED271C98E700CAC3F9 /* Sources */ = {
			isa = PBXSourcesBuildPhase;
			buildActionMask = 2147483647;
			files = (
				E440E1F6271C98E700CAC3F9 /* WaveformsUITests.swift in Sources */,
				E440E1F8271C98E700CAC3F9 /* WaveformsUITestsLaunchTests.swift in Sources */,
			);
			runOnlyForDeploymentPostprocessing = 0;
		};
/* End PBXSourcesBuildPhase section */

/* Begin PBXTargetDependency section */
		E440E1E9271C98E700CAC3F9 /* PBXTargetDependency */ = {
			isa = PBXTargetDependency;
			target = E440E1D6271C98E300CAC3F9 /* Waveformus */;
			targetProxy = E440E1E8271C98E700CAC3F9 /* PBXContainerItemProxy */;
		};
		E440E1F3271C98E700CAC3F9 /* PBXTargetDependency */ = {
			isa = PBXTargetDependency;
			target = E440E1D6271C98E300CAC3F9 /* Waveformus */;
			targetProxy = E440E1F2271C98E700CAC3F9 /* PBXContainerItemProxy */;
		};
/* End PBXTargetDependency section */

/* Begin XCBuildConfiguration section */
		E440E1F9271C98E700CAC3F9 /* Debug */ = {
			isa = XCBuildConfiguration;
			buildSettings = {
				ALWAYS_SEARCH_USER_PATHS = NO;
				CLANG_ANALYZER_NONNULL = YES;
				CLANG_ANALYZER_NUMBER_OBJECT_CONVERSION = YES_AGGRESSIVE;
				CLANG_CXX_LANGUAGE_STANDARD = "gnu++17";
				CLANG_CXX_LIBRARY = "libc++";
				CLANG_ENABLE_MODULES = YES;
				CLANG_ENABLE_OBJC_ARC = YES;
				CLANG_ENABLE_OBJC_WEAK = YES;
				CLANG_WARN_BLOCK_CAPTURE_AUTORELEASING = YES;
				CLANG_WARN_BOOL_CONVERSION = YES;
				CLANG_WARN_COMMA = YES;
				CLANG_WARN_CONSTANT_CONVERSION = YES;
				CLANG_WARN_DEPRECATED_OBJC_IMPLEMENTATIONS = YES;
				CLANG_WARN_DIRECT_OBJC_ISA_USAGE = YES_ERROR;
				CLANG_WARN_DOCUMENTATION_COMMENTS = YES;
				CLANG_WARN_EMPTY_BODY = YES;
				CLANG_WARN_ENUM_CONVERSION = YES;
				CLANG_WARN_INFINITE_RECURSION = YES;
				CLANG_WARN_INT_CONVERSION = YES;
				CLANG_WARN_NON_LITERAL_NULL_CONVERSION = YES;
				CLANG_WARN_OBJC_IMPLICIT_RETAIN_SELF = YES;
				CLANG_WARN_OBJC_LITERAL_CONVERSION = YES;
				CLANG_WARN_OBJC_ROOT_CLASS = YES_ERROR;
				CLANG_WARN_QUOTED_INCLUDE_IN_FRAMEWORK_HEADER = YES;
				CLANG_WARN_RANGE_LOOP_ANALYSIS = YES;
				CLANG_WARN_STRICT_PROTOTYPES = YES;
				CLANG_WARN_SUSPICIOUS_MOVE = YES;
				CLANG_WARN_UNGUARDED_AVAILABILITY = YES_AGGRESSIVE;
				CLANG_WARN_UNREACHABLE_CODE = YES;
				CLANG_WARN__DUPLICATE_METHOD_MATCH = YES;
				COPY_PHASE_STRIP = NO;
				DEBUG_INFORMATION_FORMAT = dwarf;
				ENABLE_STRICT_OBJC_MSGSEND = YES;
				ENABLE_TESTABILITY = YES;
				GCC_C_LANGUAGE_STANDARD = gnu11;
				GCC_DYNAMIC_NO_PIC = NO;
				GCC_NO_COMMON_BLOCKS = YES;
				GCC_OPTIMIZATION_LEVEL = 0;
				GCC_PREPROCESSOR_DEFINITIONS = (
					"DEBUG=1",
					"$(inherited)",
				);
				GCC_WARN_64_TO_32_BIT_CONVERSION = YES;
				GCC_WARN_ABOUT_RETURN_TYPE = YES_ERROR;
				GCC_WARN_UNDECLARED_SELECTOR = YES;
				GCC_WARN_UNINITIALIZED_AUTOS = YES_AGGRESSIVE;
				GCC_WARN_UNUSED_FUNCTION = YES;
				GCC_WARN_UNUSED_VARIABLE = YES;
				IPHONEOS_DEPLOYMENT_TARGET = 15.0;
				MTL_ENABLE_DEBUG_INFO = INCLUDE_SOURCE;
				MTL_FAST_MATH = YES;
				ONLY_ACTIVE_ARCH = YES;
				SDKROOT = iphoneos;
				SWIFT_ACTIVE_COMPILATION_CONDITIONS = DEBUG;
				SWIFT_OPTIMIZATION_LEVEL = "-Onone";
			};
			name = Debug;
		};
		E440E1FA271C98E700CAC3F9 /* Release */ = {
			isa = XCBuildConfiguration;
			buildSettings = {
				ALWAYS_SEARCH_USER_PATHS = NO;
				CLANG_ANALYZER_NONNULL = YES;
				CLANG_ANALYZER_NUMBER_OBJECT_CONVERSION = YES_AGGRESSIVE;
				CLANG_CXX_LANGUAGE_STANDARD = "gnu++17";
				CLANG_CXX_LIBRARY = "libc++";
				CLANG_ENABLE_MODULES = YES;
				CLANG_ENABLE_OBJC_ARC = YES;
				CLANG_ENABLE_OBJC_WEAK = YES;
				CLANG_WARN_BLOCK_CAPTURE_AUTORELEASING = YES;
				CLANG_WARN_BOOL_CONVERSION = YES;
				CLANG_WARN_COMMA = YES;
				CLANG_WARN_CONSTANT_CONVERSION = YES;
				CLANG_WARN_DEPRECATED_OBJC_IMPLEMENTATIONS = YES;
				CLANG_WARN_DIRECT_OBJC_ISA_USAGE = YES_ERROR;
				CLANG_WARN_DOCUMENTATION_COMMENTS = YES;
				CLANG_WARN_EMPTY_BODY = YES;
				CLANG_WARN_ENUM_CONVERSION = YES;
				CLANG_WARN_INFINITE_RECURSION = YES;
				CLANG_WARN_INT_CONVERSION = YES;
				CLANG_WARN_NON_LITERAL_NULL_CONVERSION = YES;
				CLANG_WARN_OBJC_IMPLICIT_RETAIN_SELF = YES;
				CLANG_WARN_OBJC_LITERAL_CONVERSION = YES;
				CLANG_WARN_OBJC_ROOT_CLASS = YES_ERROR;
				CLANG_WARN_QUOTED_INCLUDE_IN_FRAMEWORK_HEADER = YES;
				CLANG_WARN_RANGE_LOOP_ANALYSIS = YES;
				CLANG_WARN_STRICT_PROTOTYPES = YES;
				CLANG_WARN_SUSPICIOUS_MOVE = YES;
				CLANG_WARN_UNGUARDED_AVAILABILITY = YES_AGGRESSIVE;
				CLANG_WARN_UNREACHABLE_CODE = YES;
				CLANG_WARN__DUPLICATE_METHOD_MATCH = YES;
				COPY_PHASE_STRIP = NO;
				DEBUG_INFORMATION_FORMAT = "dwarf-with-dsym";
				ENABLE_NS_ASSERTIONS = NO;
				ENABLE_STRICT_OBJC_MSGSEND = YES;
				GCC_C_LANGUAGE_STANDARD = gnu11;
				GCC_NO_COMMON_BLOCKS = YES;
				GCC_WARN_64_TO_32_BIT_CONVERSION = YES;
				GCC_WARN_ABOUT_RETURN_TYPE = YES_ERROR;
				GCC_WARN_UNDECLARED_SELECTOR = YES;
				GCC_WARN_UNINITIALIZED_AUTOS = YES_AGGRESSIVE;
				GCC_WARN_UNUSED_FUNCTION = YES;
				GCC_WARN_UNUSED_VARIABLE = YES;
				IPHONEOS_DEPLOYMENT_TARGET = 15.0;
				MTL_ENABLE_DEBUG_INFO = NO;
				MTL_FAST_MATH = YES;
				SDKROOT = iphoneos;
				SWIFT_COMPILATION_MODE = wholemodule;
				SWIFT_OPTIMIZATION_LEVEL = "-O";
				VALIDATE_PRODUCT = YES;
			};
			name = Release;
		};
		E440E1FC271C98E700CAC3F9 /* Debug */ = {
			isa = XCBuildConfiguration;
			buildSettings = {
				ASSETCATALOG_COMPILER_APPICON_NAME = AppIcon;
				ASSETCATALOG_COMPILER_GLOBAL_ACCENT_COLOR_NAME = AccentColor;
				CODE_SIGN_ENTITLEMENTS = Waveforms/Waveforms.entitlements;
				CODE_SIGN_STYLE = Automatic;
				CURRENT_PROJECT_VERSION = 1;
				DEVELOPMENT_ASSET_PATHS = "\"Waveforms/Preview Content\"";
				DEVELOPMENT_TEAM = H2ST88K7QB;
				ENABLE_PREVIEWS = YES;
				GENERATE_INFOPLIST_FILE = YES;
				INFOPLIST_FILE = Waveforms/Info.plist;
				INFOPLIST_KEY_CFBundleDisplayName = Waveformus;
				INFOPLIST_KEY_NSHealthShareUsageDescription = "Requesting access to health sample measurements for analysis purposes";
				INFOPLIST_KEY_NSHealthUpdateUsageDescription = "Requesting access to health sample measurements for analysis purposes";
				INFOPLIST_KEY_UIApplicationSceneManifest_Generation = YES;
				INFOPLIST_KEY_UIApplicationSupportsIndirectInputEvents = YES;
				INFOPLIST_KEY_UILaunchScreen_Generation = YES;
				INFOPLIST_KEY_UISupportedInterfaceOrientations_iPad = "UIInterfaceOrientationPortrait UIInterfaceOrientationPortraitUpsideDown UIInterfaceOrientationLandscapeLeft UIInterfaceOrientationLandscapeRight";
				INFOPLIST_KEY_UISupportedInterfaceOrientations_iPhone = "UIInterfaceOrientationPortrait UIInterfaceOrientationLandscapeLeft UIInterfaceOrientationLandscapeRight";
				IPHONEOS_DEPLOYMENT_TARGET = 14.0;
				LD_RUNPATH_SEARCH_PATHS = (
					"$(inherited)",
					"@executable_path/Frameworks",
				);
				MARKETING_VERSION = 1.0;
				PRODUCT_BUNDLE_IDENTIFIER = co.aquavit.Waveformus;
				PRODUCT_NAME = "$(TARGET_NAME)";
				SWIFT_EMIT_LOC_STRINGS = YES;
				SWIFT_OBJC_BRIDGING_HEADER = Waveforms/Measurements/Measurements.h;
				SWIFT_VERSION = 5.0;
				TARGETED_DEVICE_FAMILY = "1,2";
			};
			name = Debug;
		};
		E440E1FD271C98E700CAC3F9 /* Release */ = {
			isa = XCBuildConfiguration;
			buildSettings = {
				ASSETCATALOG_COMPILER_APPICON_NAME = AppIcon;
				ASSETCATALOG_COMPILER_GLOBAL_ACCENT_COLOR_NAME = AccentColor;
				CODE_SIGN_ENTITLEMENTS = Waveforms/Waveforms.entitlements;
				CODE_SIGN_STYLE = Automatic;
				CURRENT_PROJECT_VERSION = 1;
				DEVELOPMENT_ASSET_PATHS = "\"Waveforms/Preview Content\"";
				DEVELOPMENT_TEAM = H2ST88K7QB;
				ENABLE_PREVIEWS = YES;
				GENERATE_INFOPLIST_FILE = YES;
				INFOPLIST_FILE = Waveforms/Info.plist;
				INFOPLIST_KEY_CFBundleDisplayName = Waveformus;
				INFOPLIST_KEY_NSHealthShareUsageDescription = "Requesting access to health sample measurements for analysis purposes";
				INFOPLIST_KEY_NSHealthUpdateUsageDescription = "Requesting access to health sample measurements for analysis purposes";
				INFOPLIST_KEY_UIApplicationSceneManifest_Generation = YES;
				INFOPLIST_KEY_UIApplicationSupportsIndirectInputEvents = YES;
				INFOPLIST_KEY_UILaunchScreen_Generation = YES;
				INFOPLIST_KEY_UISupportedInterfaceOrientations_iPad = "UIInterfaceOrientationPortrait UIInterfaceOrientationPortraitUpsideDown UIInterfaceOrientationLandscapeLeft UIInterfaceOrientationLandscapeRight";
				INFOPLIST_KEY_UISupportedInterfaceOrientations_iPhone = "UIInterfaceOrientationPortrait UIInterfaceOrientationLandscapeLeft UIInterfaceOrientationLandscapeRight";
				IPHONEOS_DEPLOYMENT_TARGET = 14.0;
				LD_RUNPATH_SEARCH_PATHS = (
					"$(inherited)",
					"@executable_path/Frameworks",
				);
				MARKETING_VERSION = 1.0;
				PRODUCT_BUNDLE_IDENTIFIER = co.aquavit.Waveformus;
				PRODUCT_NAME = "$(TARGET_NAME)";
				SWIFT_EMIT_LOC_STRINGS = YES;
				SWIFT_OBJC_BRIDGING_HEADER = Waveforms/Measurements/Measurements.h;
				SWIFT_VERSION = 5.0;
				TARGETED_DEVICE_FAMILY = "1,2";
			};
			name = Release;
		};
		E440E1FF271C98E700CAC3F9 /* Debug */ = {
			isa = XCBuildConfiguration;
			buildSettings = {
				ALWAYS_EMBED_SWIFT_STANDARD_LIBRARIES = YES;
				BUNDLE_LOADER = "$(TEST_HOST)";
				CODE_SIGN_STYLE = Automatic;
				CURRENT_PROJECT_VERSION = 1;
				DEVELOPMENT_TEAM = H2ST88K7QB;
				GENERATE_INFOPLIST_FILE = YES;
				IPHONEOS_DEPLOYMENT_TARGET = 14.0;
				LD_RUNPATH_SEARCH_PATHS = (
					"$(inherited)",
					"@executable_path/Frameworks",
					"@loader_path/Frameworks",
				);
				MARKETING_VERSION = 1.0;
				PRODUCT_BUNDLE_IDENTIFIER = co.aquavit.WaveformsTests;
				PRODUCT_NAME = "$(TARGET_NAME)";
				SWIFT_EMIT_LOC_STRINGS = NO;
				SWIFT_VERSION = 5.0;
				TARGETED_DEVICE_FAMILY = "1,2";
				TEST_HOST = "$(BUILT_PRODUCTS_DIR)/Waveformus.app/Waveformus";
			};
			name = Debug;
		};
		E440E200271C98E700CAC3F9 /* Release */ = {
			isa = XCBuildConfiguration;
			buildSettings = {
				ALWAYS_EMBED_SWIFT_STANDARD_LIBRARIES = YES;
				BUNDLE_LOADER = "$(TEST_HOST)";
				CODE_SIGN_STYLE = Automatic;
				CURRENT_PROJECT_VERSION = 1;
				DEVELOPMENT_TEAM = H2ST88K7QB;
				GENERATE_INFOPLIST_FILE = YES;
				IPHONEOS_DEPLOYMENT_TARGET = 14.0;
				LD_RUNPATH_SEARCH_PATHS = (
					"$(inherited)",
					"@executable_path/Frameworks",
					"@loader_path/Frameworks",
				);
				MARKETING_VERSION = 1.0;
				PRODUCT_BUNDLE_IDENTIFIER = co.aquavit.WaveformsTests;
				PRODUCT_NAME = "$(TARGET_NAME)";
				SWIFT_EMIT_LOC_STRINGS = NO;
				SWIFT_VERSION = 5.0;
				TARGETED_DEVICE_FAMILY = "1,2";
				TEST_HOST = "$(BUILT_PRODUCTS_DIR)/Waveformus.app/Waveformus";
			};
			name = Release;
		};
		E440E202271C98E700CAC3F9 /* Debug */ = {
			isa = XCBuildConfiguration;
			buildSettings = {
				ALWAYS_EMBED_SWIFT_STANDARD_LIBRARIES = YES;
				CODE_SIGN_STYLE = Automatic;
				CURRENT_PROJECT_VERSION = 1;
				DEVELOPMENT_TEAM = H2ST88K7QB;
				GENERATE_INFOPLIST_FILE = YES;
				LD_RUNPATH_SEARCH_PATHS = (
					"$(inherited)",
					"@executable_path/Frameworks",
					"@loader_path/Frameworks",
				);
				MARKETING_VERSION = 1.0;
				PRODUCT_BUNDLE_IDENTIFIER = co.aquavit.WaveformsUITests;
				PRODUCT_NAME = "$(TARGET_NAME)";
				SWIFT_EMIT_LOC_STRINGS = NO;
				SWIFT_VERSION = 5.0;
				TARGETED_DEVICE_FAMILY = "1,2";
				TEST_TARGET_NAME = Waveforms;
			};
			name = Debug;
		};
		E440E203271C98E700CAC3F9 /* Release */ = {
			isa = XCBuildConfiguration;
			buildSettings = {
				ALWAYS_EMBED_SWIFT_STANDARD_LIBRARIES = YES;
				CODE_SIGN_STYLE = Automatic;
				CURRENT_PROJECT_VERSION = 1;
				DEVELOPMENT_TEAM = H2ST88K7QB;
				GENERATE_INFOPLIST_FILE = YES;
				LD_RUNPATH_SEARCH_PATHS = (
					"$(inherited)",
					"@executable_path/Frameworks",
					"@loader_path/Frameworks",
				);
				MARKETING_VERSION = 1.0;
				PRODUCT_BUNDLE_IDENTIFIER = co.aquavit.WaveformsUITests;
				PRODUCT_NAME = "$(TARGET_NAME)";
				SWIFT_EMIT_LOC_STRINGS = NO;
				SWIFT_VERSION = 5.0;
				TARGETED_DEVICE_FAMILY = "1,2";
				TEST_TARGET_NAME = Waveforms;
			};
			name = Release;
		};
/* End XCBuildConfiguration section */

/* Begin XCConfigurationList section */
		E440E1D2271C98E300CAC3F9 /* Build configuration list for PBXProject "Waveformus" */ = {
			isa = XCConfigurationList;
			buildConfigurations = (
				E440E1F9271C98E700CAC3F9 /* Debug */,
				E440E1FA271C98E700CAC3F9 /* Release */,
			);
			defaultConfigurationIsVisible = 0;
			defaultConfigurationName = Release;
		};
		E440E1FB271C98E700CAC3F9 /* Build configuration list for PBXNativeTarget "Waveformus" */ = {
			isa = XCConfigurationList;
			buildConfigurations = (
				E440E1FC271C98E700CAC3F9 /* Debug */,
				E440E1FD271C98E700CAC3F9 /* Release */,
			);
			defaultConfigurationIsVisible = 0;
			defaultConfigurationName = Release;
		};
		E440E1FE271C98E700CAC3F9 /* Build configuration list for PBXNativeTarget "WaveformusTests" */ = {
			isa = XCConfigurationList;
			buildConfigurations = (
				E440E1FF271C98E700CAC3F9 /* Debug */,
				E440E200271C98E700CAC3F9 /* Release */,
			);
			defaultConfigurationIsVisible = 0;
			defaultConfigurationName = Release;
		};
		E440E201271C98E700CAC3F9 /* Build configuration list for PBXNativeTarget "WaveformusUITests" */ = {
			isa = XCConfigurationList;
			buildConfigurations = (
				E440E202271C98E700CAC3F9 /* Debug */,
				E440E203271C98E700CAC3F9 /* Release */,
			);
			defaultConfigurationIsVisible = 0;
			defaultConfigurationName = Release;
		};
/* End XCConfigurationList section */
	};
	rootObject = E440E1CF271C98E300CAC3F9 /* Project object */;
}
